// !$*UTF8*$!
{
	archiveVersion = 1;
	classes = {
	};
	objectVersion = 56;
	objects = {

/* Begin PBXBuildFile section */
		B00100000000000000000001 /* LedgerLensApp.swift in Sources */ = {isa = PBXBuildFile; fileRef = F00100000000000000000001 /* LedgerLensApp.swift */; };
		B00100000000000000000002 /* Models.swift in Sources */ = {isa = PBXBuildFile; fileRef = F00100000000000000000002 /* Models.swift */; };
		B00100000000000000000003 /* APIClient.swift in Sources */ = {isa = PBXBuildFile; fileRef = F00100000000000000000003 /* APIClient.swift */; };
		B00100000000000000000004 /* SessionStore.swift in Sources */ = {isa = PBXBuildFile; fileRef = F00100000000000000000004 /* SessionStore.swift */; };
		B00100000000000000000005 /* MoneyFormatter.swift in Sources */ = {isa = PBXBuildFile; fileRef = F00100000000000000000005 /* MoneyFormatter.swift */; };
		B00100000000000000000006 /* AccountsViewModel.swift in Sources */ = {isa = PBXBuildFile; fileRef = F00100000000000000000006 /* AccountsViewModel.swift */; };
		B00100000000000000000007 /* AuthViewModel.swift in Sources */ = {isa = PBXBuildFile; fileRef = F00100000000000000000007 /* AuthViewModel.swift */; };
		B00100000000000000000008 /* DashboardViewModel.swift in Sources */ = {isa = PBXBuildFile; fileRef = F00100000000000000000008 /* DashboardViewModel.swift */; };
		B00100000000000000000009 /* SettingsViewModel.swift in Sources */ = {isa = PBXBuildFile; fileRef = F00100000000000000000009 /* SettingsViewModel.swift */; };
		B0010000000000000000000A /* TransactionsViewModel.swift in Sources */ = {isa = PBXBuildFile; fileRef = F0010000000000000000000A /* TransactionsViewModel.swift */; };
		B0010000000000000000000B /* AccountsView.swift in Sources */ = {isa = PBXBuildFile; fileRef = F0010000000000000000000B /* AccountsView.swift */; };
		B0010000000000000000000C /* LoginView.swift in Sources */ = {isa = PBXBuildFile; fileRef = F0010000000000000000000C /* LoginView.swift */; };
		B0010000000000000000000D /* SignupView.swift in Sources */ = {isa = PBXBuildFile; fileRef = F0010000000000000000000D /* SignupView.swift */; };
		B0010000000000000000000E /* DashboardView.swift in Sources */ = {isa = PBXBuildFile; fileRef = F0010000000000000000000E /* DashboardView.swift */; };
		B0010000000000000000000F /* MainTabView.swift in Sources */ = {isa = PBXBuildFile; fileRef = F0010000000000000000000F /* MainTabView.swift */; };
		B0010000000000000000010 /* RootView.swift in Sources */ = {isa = PBXBuildFile; fileRef = F0010000000000000000010 /* RootView.swift */; };
		B0010000000000000000011 /* SettingsView.swift in Sources */ = {isa = PBXBuildFile; fileRef = F0010000000000000000011 /* SettingsView.swift */; };
		B0010000000000000000012 /* TransactionDetailSheet.swift in Sources */ = {isa = PBXBuildFile; fileRef = F0010000000000000000012 /* TransactionDetailSheet.swift */; };
		B0010000000000000000013 /* TransactionsView.swift in Sources */ = {isa = PBXBuildFile; fileRef = F0010000000000000000013 /* TransactionsView.swift */; };
		B0010000000000000000014 /* PlaidService.swift in Sources */ = {isa = PBXBuildFile; fileRef = F0010000000000000000014 /* PlaidService.swift */; };
		B0010000000000000000015 /* PlaidLinkPresenter.swift in Sources */ = {isa = PBXBuildFile; fileRef = F0010000000000000000015 /* PlaidLinkPresenter.swift */; };
		B0010000000000000000016 /* LinkKit in Frameworks */ = {isa = PBXBuildFile; productRef = R00100000000000000000002 /* LinkKit */; };
/* End PBXBuildFile section */

/* Begin PBXFileReference section */
		E00100000000000000000001 /* LedgerLensApp.app */ = {isa = PBXFileReference; explicitFileType = wrapper.application; includeInIndex = 0; path = LedgerLensApp.app; sourceTree = BUILT_PRODUCTS_DIR; };
		F00100000000000000000001 /* LedgerLensApp.swift */ = {isa = PBXFileReference; lastKnownFileType = sourcecode.swift; path = LedgerLensApp.swift; sourceTree = "<group>"; };
		F00100000000000000000002 /* Models.swift */ = {isa = PBXFileReference; lastKnownFileType = sourcecode.swift; path = Models.swift; sourceTree = "<group>"; };
		F00100000000000000000003 /* APIClient.swift */ = {isa = PBXFileReference; lastKnownFileType = sourcecode.swift; path = APIClient.swift; sourceTree = "<group>"; };
		F00100000000000000000004 /* SessionStore.swift */ = {isa = PBXFileReference; lastKnownFileType = sourcecode.swift; path = SessionStore.swift; sourceTree = "<group>"; };
		F00100000000000000000005 /* MoneyFormatter.swift */ = {isa = PBXFileReference; lastKnownFileType = sourcecode.swift; path = MoneyFormatter.swift; sourceTree = "<group>"; };
		F00100000000000000000006 /* AccountsViewModel.swift */ = {isa = PBXFileReference; lastKnownFileType = sourcecode.swift; path = AccountsViewModel.swift; sourceTree = "<group>"; };
		F00100000000000000000007 /* AuthViewModel.swift */ = {isa = PBXFileReference; lastKnownFileType = sourcecode.swift; path = AuthViewModel.swift; sourceTree = "<group>"; };
		F00100000000000000000008 /* DashboardViewModel.swift */ = {isa = PBXFileReference; lastKnownFileType = sourcecode.swift; path = DashboardViewModel.swift; sourceTree = "<group>"; };
		F00100000000000000000009 /* SettingsViewModel.swift */ = {isa = PBXFileReference; lastKnownFileType = sourcecode.swift; path = SettingsViewModel.swift; sourceTree = "<group>"; };
		F0010000000000000000000A /* TransactionsViewModel.swift */ = {isa = PBXFileReference; lastKnownFileType = sourcecode.swift; path = TransactionsViewModel.swift; sourceTree = "<group>"; };
		F0010000000000000000000B /* AccountsView.swift */ = {isa = PBXFileReference; lastKnownFileType = sourcecode.swift; path = AccountsView.swift; sourceTree = "<group>"; };
		F0010000000000000000000C /* LoginView.swift */ = {isa = PBXFileReference; lastKnownFileType = sourcecode.swift; path = LoginView.swift; sourceTree = "<group>"; };
		F0010000000000000000000D /* SignupView.swift */ = {isa = PBXFileReference; lastKnownFileType = sourcecode.swift; path = SignupView.swift; sourceTree = "<group>"; };
		F0010000000000000000000E /* DashboardView.swift */ = {isa = PBXFileReference; lastKnownFileType = sourcecode.swift; path = DashboardView.swift; sourceTree = "<group>"; };
		F0010000000000000000000F /* MainTabView.swift */ = {isa = PBXFileReference; lastKnownFileType = sourcecode.swift; path = MainTabView.swift; sourceTree = "<group>"; };
		F0010000000000000000010 /* RootView.swift */ = {isa = PBXFileReference; lastKnownFileType = sourcecode.swift; path = RootView.swift; sourceTree = "<group>"; };
		F0010000000000000000011 /* SettingsView.swift */ = {isa = PBXFileReference; lastKnownFileType = sourcecode.swift; path = SettingsView.swift; sourceTree = "<group>"; };
		F0010000000000000000012 /* TransactionDetailSheet.swift */ = {isa = PBXFileReference; lastKnownFileType = sourcecode.swift; path = TransactionDetailSheet.swift; sourceTree = "<group>"; };
		F0010000000000000000013 /* TransactionsView.swift */ = {isa = PBXFileReference; lastKnownFileType = sourcecode.swift; path = TransactionsView.swift; sourceTree = "<group>"; };
		F0010000000000000000014 /* PlaidService.swift */ = {isa = PBXFileReference; lastKnownFileType = sourcecode.swift; path = PlaidService.swift; sourceTree = "<group>"; };
		F0010000000000000000015 /* PlaidLinkPresenter.swift */ = {isa = PBXFileReference; lastKnownFileType = sourcecode.swift; path = PlaidLinkPresenter.swift; sourceTree = "<group>"; };
		I00100000000000000000001 /* Info.plist */ = {isa = PBXFileReference; lastKnownFileType = text.plist.xml; path = Info.plist; sourceTree = "<group>"; };
/* End PBXFileReference section */

/* Begin PBXFrameworksBuildPhase section */
		C00100000000000000000001 /* Frameworks */ = {
			isa = PBXFrameworksBuildPhase;
			buildActionMask = 2147483647;
			files = (
				B0010000000000000000016 /* LinkKit in Frameworks */,
			);
			runOnlyForDeploymentPostprocessing = 0;
		};
/* End PBXFrameworksBuildPhase section */

/* Begin PBXGroup section */
		G00100000000000000000001 = {
			isa = PBXGroup;
			children = (
				G00100000000000000000002 /* LedgerLensApp */,
				I00100000000000000000001 /* Info.plist */,
				G00100000000000000000003 /* ../LedgerLens */,
				G00100000000000000000004 /* Products */,
			);
			sourceTree = "<group>";
		};
		G00100000000000000000002 /* LedgerLensApp */ = {
			isa = PBXGroup;
			children = (
			);
			path = LedgerLensApp;
			sourceTree = "<group>";
		};
		G00100000000000000000003 /* ../LedgerLens */ = {
			isa = PBXGroup;
			children = (
				F00100000000000000000001 /* LedgerLensApp.swift */,
				G00100000000000000000005 /* Models */,
				G00100000000000000000006 /* Services */,
				G00100000000000000000007 /* ViewModels */,
				G00100000000000000000008 /* Views */,
				G00100000000000000000009 /* Utilities */,
			);
			path = ../LedgerLens;
			sourceTree = "<group>";
		};
		G00100000000000000000004 /* Products */ = {
			isa = PBXGroup;
			children = (
				E00100000000000000000001 /* LedgerLensApp.app */,
			);
			name = Products;
			sourceTree = "<group>";
		};
		G00100000000000000000005 /* Models */ = {
			isa = PBXGroup;
			children = (
				F00100000000000000000002 /* Models.swift */,
			);
			path = Models;
			sourceTree = "<group>";
		};
		G00100000000000000000006 /* Services */ = {
			isa = PBXGroup;
			children = (
				F00100000000000000000003 /* APIClient.swift */,
				F00100000000000000000004 /* SessionStore.swift */,
				F0010000000000000000014 /* PlaidService.swift */,
			);
			path = Services;
			sourceTree = "<group>";
		};
		G00100000000000000000007 /* ViewModels */ = {
			isa = PBXGroup;
			children = (
				F00100000000000000000006 /* AccountsViewModel.swift */,
				F00100000000000000000007 /* AuthViewModel.swift */,
				F00100000000000000000008 /* DashboardViewModel.swift */,
				F00100000000000000000009 /* SettingsViewModel.swift */,
				F0010000000000000000000A /* TransactionsViewModel.swift */,
			);
			path = ViewModels;
			sourceTree = "<group>";
		};
		G00100000000000000000008 /* Views */ = {
			isa = PBXGroup;
			children = (
				G0010000000000000000000A /* Auth */,
				G0010000000000000000000B /* Dashboard */,
				G0010000000000000000000C /* Transactions */,
				G0010000000000000000000D /* Accounts */,
				G0010000000000000000000E /* Settings */,
				F0010000000000000000000F /* MainTabView.swift */,
				F0010000000000000000010 /* RootView.swift */,
			);
			path = Views;
			sourceTree = "<group>";
		};
		G00100000000000000000009 /* Utilities */ = {
			isa = PBXGroup;
			children = (
				F00100000000000000000005 /* MoneyFormatter.swift */,
			);
			path = Utilities;
			sourceTree = "<group>";
		};
		G0010000000000000000000A /* Auth */ = {
			isa = PBXGroup;
			children = (
				F0010000000000000000000C /* LoginView.swift */,
				F0010000000000000000000D /* SignupView.swift */,
			);
			path = Auth;
			sourceTree = "<group>";
		};
		G0010000000000000000000B /* Dashboard */ = {
			isa = PBXGroup;
			children = (
				F0010000000000000000000E /* DashboardView.swift */,
			);
			path = Dashboard;
			sourceTree = "<group>";
		};
		G0010000000000000000000C /* Transactions */ = {
			isa = PBXGroup;
			children = (
				F0010000000000000000012 /* TransactionDetailSheet.swift */,
				F0010000000000000000013 /* TransactionsView.swift */,
			);
			path = Transactions;
			sourceTree = "<group>";
		};
		G0010000000000000000000D /* Accounts */ = {
			isa = PBXGroup;
			children = (
				F0010000000000000000000B /* AccountsView.swift */,
				F0010000000000000000015 /* PlaidLinkPresenter.swift */,
			);
			path = Accounts;
			sourceTree = "<group>";
		};
		G0010000000000000000000E /* Settings */ = {
			isa = PBXGroup;
			children = (
				F0010000000000000000011 /* SettingsView.swift */,
			);
			path = Settings;
			sourceTree = "<group>";
		};
/* End PBXGroup section */

/* Begin PBXNativeTarget section */
		T00100000000000000000001 /* LedgerLensApp */ = {
			isa = PBXNativeTarget;
			buildConfigurationList = C10100000000000000000002 /* Build configuration list for PBXNativeTarget "LedgerLensApp" */;
			buildPhases = (
				C00100000000000000000002 /* Sources */,
				C00100000000000000000001 /* Frameworks */,
				C00100000000000000000003 /* Resources */,
			);
			buildRules = (
			);
			dependencies = (
			);
			name = LedgerLensApp;
			packageProductDependencies = (
				R00100000000000000000002 /* LinkKit */,
			);
			productName = LedgerLensApp;
			productReference = E00100000000000000000001 /* LedgerLensApp.app */;
			productType = "com.apple.product-type.application";
		};
/* End PBXNativeTarget section */

/* Begin PBXProject section */
		P00100000000000000000001 /* Project object */ = {
			isa = PBXProject;
			attributes = {
				BuildIndependentTargetsInParallel = 1;
				LastSwiftUpdateCheck = 1500;
				LastUpgradeCheck = 1500;
			};
			buildConfigurationList = C10100000000000000000001 /* Build configuration list for PBXProject "LedgerLensApp" */;
			compatibilityVersion = "Xcode 14.0";
			developmentRegion = en;
			hasScannedForEncodings = 0;
			knownRegions = (
				en,
				Base,
			);
			mainGroup = G00100000000000000000001;
			packageReferences = (
				R00100000000000000000001 /* XCRemoteSwiftPackageReference "plaid-link-ios-spm" */,
			);
			productRefGroup = G00100000000000000000004 /* Products */;
			projectDirPath = "";
			projectRoot = "";
			targets = (
				T00100000000000000000001 /* LedgerLensApp */,
			);
		};
/* End PBXProject section */

/* Begin PBXResourcesBuildPhase section */
		C00100000000000000000003 /* Resources */ = {
			isa = PBXResourcesBuildPhase;
			buildActionMask = 2147483647;
			files = (
			);
			runOnlyForDeploymentPostprocessing = 0;
		};
/* End PBXResourcesBuildPhase section */

/* Begin PBXSourcesBuildPhase section */
		C00100000000000000000002 /* Sources */ = {
			isa = PBXSourcesBuildPhase;
			buildActionMask = 2147483647;
			files = (
				B00100000000000000000001 /* LedgerLensApp.swift in Sources */,
				B00100000000000000000002 /* Models.swift in Sources */,
				B00100000000000000000003 /* APIClient.swift in Sources */,
				B00100000000000000000004 /* SessionStore.swift in Sources */,
				B00100000000000000000005 /* MoneyFormatter.swift in Sources */,
				B00100000000000000000006 /* AccountsViewModel.swift in Sources */,
				B00100000000000000000007 /* AuthViewModel.swift in Sources */,
				B00100000000000000000008 /* DashboardViewModel.swift in Sources */,
				B00100000000000000000009 /* SettingsViewModel.swift in Sources */,
				B0010000000000000000000A /* TransactionsViewModel.swift in Sources */,
				B0010000000000000000000B /* AccountsView.swift in Sources */,
				B0010000000000000000000C /* LoginView.swift in Sources */,
				B0010000000000000000000D /* SignupView.swift in Sources */,
				B0010000000000000000000E /* DashboardView.swift in Sources */,
				B0010000000000000000000F /* MainTabView.swift in Sources */,
				B0010000000000000000010 /* RootView.swift in Sources */,
				B0010000000000000000011 /* SettingsView.swift in Sources */,
				B0010000000000000000012 /* TransactionDetailSheet.swift in Sources */,
				B0010000000000000000013 /* TransactionsView.swift in Sources */,
				B0010000000000000000014 /* PlaidService.swift in Sources */,
				B0010000000000000000015 /* PlaidLinkPresenter.swift in Sources */,
			);
			runOnlyForDeploymentPostprocessing = 0;
		};
/* End PBXSourcesBuildPhase section */

/* Begin XCBuildConfiguration section */
		X00100000000000000000001 /* Debug */ = {
			isa = XCBuildConfiguration;
			buildSettings = {
				ALWAYS_SEARCH_USER_PATHS = NO;
				ASSETCATALOG_COMPILER_GENERATE_SWIFT_ASSET_SYMBOL_EXTENSIONS = YES;
				CLANG_ANALYZER_NONNULL = YES;
				CLANG_ENABLE_MODULES = YES;
				CLANG_ENABLE_OBJC_ARC = YES;
				COPY_PHASE_STRIP = NO;
				DEBUG_INFORMATION_FORMAT = dwarf;
				ENABLE_STRICT_OBJC_MSGSEND = YES;
				ENABLE_TESTABILITY = YES;
				GCC_DYNAMIC_NO_PIC = NO;
				GCC_OPTIMIZATION_LEVEL = 0;
				GCC_PREPROCESSOR_DEFINITIONS = (
					"DEBUG=1",
					"$(inherited)",
				);
				IPHONEOS_DEPLOYMENT_TARGET = 17.0;
				MTL_ENABLE_DEBUG_INFO = INCLUDE_SOURCE;
				MTL_FAST_MATH = YES;
				ONLY_ACTIVE_ARCH = YES;
				SDKROOT = iphoneos;
				SWIFT_ACTIVE_COMPILATION_CONDITIONS = DEBUG;
				SWIFT_OPTIMIZATION_LEVEL = "-Onone";
			};
			name = Debug;
		};
		X00100000000000000000002 /* Release */ = {
			isa = XCBuildConfiguration;
			buildSettings = {
				ALWAYS_SEARCH_USER_PATHS = NO;
				ASSETCATALOG_COMPILER_GENERATE_SWIFT_ASSET_SYMBOL_EXTENSIONS = YES;
				CLANG_ANALYZER_NONNULL = YES;
				CLANG_ENABLE_MODULES = YES;
				CLANG_ENABLE_OBJC_ARC = YES;
				COPY_PHASE_STRIP = NO;
				DEBUG_INFORMATION_FORMAT = "dwarf-with-dsym";
				ENABLE_NS_ASSERTIONS = NO;
				ENABLE_STRICT_OBJC_MSGSEND = YES;
				GCC_OPTIMIZATION_LEVEL = s;
				IPHONEOS_DEPLOYMENT_TARGET = 17.0;
				MTL_ENABLE_DEBUG_INFO = NO;
				MTL_FAST_MATH = YES;
				SDKROOT = iphoneos;
				SWIFT_COMPILATION_MODE = wholemodule;
				VALIDATE_PRODUCT = YES;
			};
			name = Release;
		};
		X00100000000000000000003 /* Debug */ = {
			isa = XCBuildConfiguration;
			buildSettings = {
				ASSETCATALOG_COMPILER_APPICON_NAME = AppIcon;
				ASSETCATALOG_COMPILER_GLOBAL_ACCENT_COLOR_NAME = AccentColor;
				CODE_SIGN_STYLE = Automatic;
				CURRENT_PROJECT_VERSION = 1;
				DEVELOPMENT_ASSET_PATHS = "";
				DEVELOPMENT_TEAM = 3L4AF454A2;
				ENABLE_PREVIEWS = YES;
				GENERATE_INFOPLIST_FILE = NO;
				INFOPLIST_FILE = Info.plist;
				INFOPLIST_KEY_UIApplicationSceneManifest_Generation = YES;
				INFOPLIST_KEY_UIApplicationSupportsIndirectInputEvents = YES;
				INFOPLIST_KEY_UILaunchScreen_Generation = YES;
				INFOPLIST_KEY_UISupportedInterfaceOrientations_iPad = "UIInterfaceOrientationPortrait UIInterfaceOrientationPortraitUpsideDown UIInterfaceOrientationLandscapeLeft UIInterfaceOrientationLandscapeRight";
				INFOPLIST_KEY_UISupportedInterfaceOrientations_iPhone = "UIInterfaceOrientationPortrait UIInterfaceOrientationLandscapeLeft UIInterfaceOrientationLandscapeRight";
				LD_RUNPATH_SEARCH_PATHS = (
					"$(inherited)",
					"@executable_path/Frameworks",
				);
				MARKETING_VERSION = 1.0;
				PRODUCT_BUNDLE_IDENTIFIER = com.fundimo.app;
				PRODUCT_NAME = "$(TARGET_NAME)";
				SWIFT_EMIT_LOC_STRINGS = YES;
				SWIFT_VERSION = 5.0;
				TARGETED_DEVICE_FAMILY = "1,2";
			};
			name = Debug;
		};
		X00100000000000000000004 /* Release */ = {
			isa = XCBuildConfiguration;
			buildSettings = {
				ASSETCATALOG_COMPILER_APPICON_NAME = AppIcon;
				ASSETCATALOG_COMPILER_GLOBAL_ACCENT_COLOR_NAME = AccentColor;
				CODE_SIGN_STYLE = Automatic;
				CURRENT_PROJECT_VERSION = 1;
				DEVELOPMENT_ASSET_PATHS = "";
				DEVELOPMENT_TEAM = 3L4AF454A2;
				ENABLE_PREVIEWS = YES;
				GENERATE_INFOPLIST_FILE = NO;
				INFOPLIST_FILE = Info.plist;
				INFOPLIST_KEY_UIApplicationSceneManifest_Generation = YES;
				INFOPLIST_KEY_UIApplicationSupportsIndirectInputEvents = YES;
				INFOPLIST_KEY_UILaunchScreen_Generation = YES;
				INFOPLIST_KEY_UISupportedInterfaceOrientations_iPad = "UIInterfaceOrientationPortrait UIInterfaceOrientationPortraitUpsideDown UIInterfaceOrientationLandscapeLeft UIInterfaceOrientationLandscapeRight";
				INFOPLIST_KEY_UISupportedInterfaceOrientations_iPhone = "UIInterfaceOrientationPortrait UIInterfaceOrientationLandscapeLeft UIInterfaceOrientationLandscapeRight";
				LD_RUNPATH_SEARCH_PATHS = (
					"$(inherited)",
					"@executable_path/Frameworks",
				);
				MARKETING_VERSION = 1.0;
				PRODUCT_BUNDLE_IDENTIFIER = com.fundimo.app;
				PRODUCT_NAME = "$(TARGET_NAME)";
				SWIFT_EMIT_LOC_STRINGS = YES;
				SWIFT_VERSION = 5.0;
				TARGETED_DEVICE_FAMILY = "1,2";
			};
			name = Release;
		};
/* End XCBuildConfiguration section */

/* Begin XCConfigurationList section */
		C10100000000000000000001 /* Build configuration list for PBXProject "LedgerLensApp" */ = {
			isa = XCConfigurationList;
			buildConfigurations = (
				X00100000000000000000001 /* Debug */,
				X00100000000000000000002 /* Release */,
			);
			defaultConfigurationIsVisible = 0;
			defaultConfigurationName = Release;
		};
		C10100000000000000000002 /* Build configuration list for PBXNativeTarget "LedgerLensApp" */ = {
			isa = XCConfigurationList;
			buildConfigurations = (
				X00100000000000000000003 /* Debug */,
				X00100000000000000000004 /* Release */,
			);
			defaultConfigurationIsVisible = 0;
			defaultConfigurationName = Release;
		};
/* End XCConfigurationList section */

/* Begin XCRemoteSwiftPackageReference section */
		R00100000000000000000001 /* XCRemoteSwiftPackageReference "plaid-link-ios-spm" */ = {
			isa = XCRemoteSwiftPackageReference;
			repositoryURL = "https://github.com/plaid/plaid-link-ios-spm.git";
			requirement = {
				kind = upToNextMajorVersion;
				minimumVersion = 6.0.0;
			};
		};
/* End XCRemoteSwiftPackageReference section */

/* Begin XCSwiftPackageProductDependency section */
		R00100000000000000000002 /* LinkKit */ = {
			isa = XCSwiftPackageProductDependency;
			package = R00100000000000000000001 /* XCRemoteSwiftPackageReference "plaid-link-ios-spm" */;
			productName = LinkKit;
		};
/* End XCSwiftPackageProductDependency section */
	};
	rootObject = P00100000000000000000001 /* Project object */;
}
